
Microsoft Visual Studio Solution File, Format Version 12.00
# Visual Studio Version 16
VisualStudioVersion = 16.0.30717.126
MinimumVisualStudioVersion = 10.0.40219.1
Project("{FAE04EC0-301F-11D3-BF4B-00C04F79EFBC}") = "POS.App.Desktop", "Pos.App.Desktop\POS.App.Desktop.csproj", "{CE778802-FB2B-4805-BBB6-B81059FA4713}"
EndProject
Global
	GlobalSection(SolutionConfigurationPlatforms) = preSolution
		Debug|Any CPU = Debug|Any CPU
		Release|Any CPU = Release|Any CPU
	EndGlobalSection
	GlobalSection(ProjectConfigurationPlatforms) = postSolution
		{CE778802-FB2B-4805-BBB6-B81059FA4713}.Debug|Any CPU.ActiveCfg = Debug|Any CPU
		{CE778802-FB2B-4805-BBB6-B81059FA4713}.Debug|Any CPU.Build.0 = Debug|Any CPU
		{CE778802-FB2B-4805-BBB6-B81059FA4713}.Release|Any CPU.ActiveCfg = Release|Any CPU
		{CE778802-FB2B-4805-BBB6-B81059FA4713}.Release|Any CPU.Build.0 = Release|Any CPU
	EndGlobalSection
	GlobalSection(SolutionProperties) = preSolution
		HideSolutionNode = FALSE
	EndGlobalSection
	GlobalSection(ExtensibilityGlobals) = postSolution
		SolutionGuid = {DD688FA3-084D-46B2-B4C3-E53621D864FB}
	EndGlobalSection
EndGlobal
